
Microsoft Visual Studio Solution File, Format Version 12.00
# Visual Studio 2013
VisualStudioVersion = 12.0.30723.0
MinimumVisualStudioVersion = 10.0.40219.1
Project("{FAE04EC0-301F-11D3-BF4B-00C04F79EFBC}") = "ub.bo", "ub.bo\ub.bo.csproj", "{891C0FE8-A31E-44D1-A1A4-A89B41F4B396}"
EndProject
Project("{FAE04EC0-301F-11D3-BF4B-00C04F79EFBC}") = "ub.da", "ub.da\ub.da.csproj", "{A0569438-D3E5-4E21-BD48-F52713D20C7D}"
EndProject
Project("{FAE04EC0-301F-11D3-BF4B-00C04F79EFBC}") = "ub.bl", "ub.bl\ub.bl.csproj", "{38AC0B95-697E-4FC4-8C52-ED56DAF56E32}"
EndProject
Project("{FAE04EC0-301F-11D3-BF4B-00C04F79EFBC}") = "ub.pl", "ub.pl\ub.pl.csproj", "{EA76A0C4-D024-4D56-86B1-E81948DCB1A9}"
EndProject
Global
	GlobalSection(SolutionConfigurationPlatforms) = preSolution
		Debug|Any CPU = Debug|Any CPU
		Release|Any CPU = Release|Any CPU
	EndGlobalSection
	GlobalSection(ProjectConfigurationPlatforms) = postSolution
		{891C0FE8-A31E-44D1-A1A4-A89B41F4B396}.Debug|Any CPU.ActiveCfg = Debug|Any CPU
		{891C0FE8-A31E-44D1-A1A4-A89B41F4B396}.Debug|Any CPU.Build.0 = Debug|Any CPU
		{891C0FE8-A31E-44D1-A1A4-A89B41F4B396}.Release|Any CPU.ActiveCfg = Release|Any CPU
		{891C0FE8-A31E-44D1-A1A4-A89B41F4B396}.Release|Any CPU.Build.0 = Release|Any CPU
		{A0569438-D3E5-4E21-BD48-F52713D20C7D}.Debug|Any CPU.ActiveCfg = Debug|Any CPU
		{A0569438-D3E5-4E21-BD48-F52713D20C7D}.Debug|Any CPU.Build.0 = Debug|Any CPU
		{A0569438-D3E5-4E21-BD48-F52713D20C7D}.Release|Any CPU.ActiveCfg = Release|Any CPU
		{A0569438-D3E5-4E21-BD48-F52713D20C7D}.Release|Any CPU.Build.0 = Release|Any CPU
		{38AC0B95-697E-4FC4-8C52-ED56DAF56E32}.Debug|Any CPU.ActiveCfg = Debug|Any CPU
		{38AC0B95-697E-4FC4-8C52-ED56DAF56E32}.Debug|Any CPU.Build.0 = Debug|Any CPU
		{38AC0B95-697E-4FC4-8C52-ED56DAF56E32}.Release|Any CPU.ActiveCfg = Release|Any CPU
		{38AC0B95-697E-4FC4-8C52-ED56DAF56E32}.Release|Any CPU.Build.0 = Release|Any CPU
		{EA76A0C4-D024-4D56-86B1-E81948DCB1A9}.Debug|Any CPU.ActiveCfg = Debug|Any CPU
		{EA76A0C4-D024-4D56-86B1-E81948DCB1A9}.Debug|Any CPU.Build.0 = Debug|Any CPU
		{EA76A0C4-D024-4D56-86B1-E81948DCB1A9}.Release|Any CPU.ActiveCfg = Release|Any CPU
		{EA76A0C4-D024-4D56-86B1-E81948DCB1A9}.Release|Any CPU.Build.0 = Release|Any CPU
	EndGlobalSection
	GlobalSection(SolutionProperties) = preSolution
		HideSolutionNode = FALSE
	EndGlobalSection
EndGlobal
